
Microsoft Visual Studio Solution File, Format Version 12.00
# Visual Studio Version 17
VisualStudioVersion = 17.0.31903.59
MinimumVisualStudioVersion = 10.0.40219.1
Project("{9A19103F-16F7-4668-BE54-9A1E7A4F7556}") = "BlazorWasmApp1", "BlazorWasmApp1.csproj", "{6EEB176A-FFFE-44D0-9D5D-BBFCD0AAA240}"
EndProject
Global
	GlobalSection(SolutionConfigurationPlatforms) = preSolution
		Debug|Any CPU = Debug|Any CPU
		Release|Any CPU = Release|Any CPU
	EndGlobalSection
	GlobalSection(ProjectConfigurationPlatforms) = postSolution
		{6EEB176A-FFFE-44D0-9D5D-BBFCD0AAA240}.Debug|Any CPU.ActiveCfg = Debug|Any CPU
		{6EEB176A-FFFE-44D0-9D5D-BBFCD0AAA240}.Debug|Any CPU.Build.0 = Debug|Any CPU
		{6EEB176A-FFFE-44D0-9D5D-BBFCD0AAA240}.Release|Any CPU.ActiveCfg = Release|Any CPU
		{6EEB176A-FFFE-44D0-9D5D-BBFCD0AAA240}.Release|Any CPU.Build.0 = Release|Any CPU
	EndGlobalSection
	GlobalSection(SolutionProperties) = preSolution
		HideSolutionNode = FALSE
	EndGlobalSection
	GlobalSection(ExtensibilityGlobals) = postSolution
		SolutionGuid = {2BA16814-8871-42F0-9999-699181700216}
	EndGlobalSection
EndGlobal
